{
  "originHash" : "32e7a7061cdebdca31d8081bbd926d8661af57f46212f7d042c7bf583c8d13f9",
  "pins" : [
    {
      "identity" : "injectableloggers",
      "kind" : "remoteSourceControl",
      "location" : "https://github.com/CuratoOpenSource/InjectableLoggers",
      "state" : {
        "revision" : "932bb5c96f79ba76a37fe0cb7df5b9163501daee",
        "version" : "2.1.3"
      }
    },
    {
      "identity" : "inputbaraccessoryview",
      "kind" : "remoteSourceControl",
      "location" : "https://github.com/nathantannar4/InputBarAccessoryView",
      "state" : {
        "revision" : "17ced92a5dccb36512b408b6276353631d7cbe57",
        "version" : "6.3.0"
      }
    },
    {
      "identity" : "iqkeyboardmanager",
      "kind" : "remoteSourceControl",
      "location" : "https://github.com/hackiftekhar/IQKeyboardManager.git",
      "state" : {
        "revision" : "c00b1ae9fa1ad8af4465bb6ca901f6943fc98eba",
        "version" : "6.5.16"
      }
    },
    {
      "identity" : "kingfisher",
      "kind" : "remoteSourceControl",
      "location" : "https://github.com/onevcat/Kingfisher.git",
      "state" : {
        "revision" : "5b92f029fab2cce44386d28588098b5be0824ef5",
        "version" : "7.11.0"
      }
    },
    {
      "identity" : "lottie-ios",
      "kind" : "remoteSourceControl",
      "location" : "https://github.com/airbnb/lottie-ios.git",
      "state" : {
        "revision" : "769b88d83a42ca8d5572b020c96f47e3690b3796",
        "version" : "4.4.3"
      }
    },
    {
      "identity" : "messagekit",
      "kind" : "remoteSourceControl",
      "location" : "https://github.com/MessageKit/MessageKit",
      "state" : {
        "revision" : "1993e8e90d4e9a61b8d9bc8ceb733964ce943376",
        "version" : "4.2.0"
      }
    },
    {
      "identity" : "onesignal-xcframework",
      "kind" : "remoteSourceControl",
      "location" : "https://github.com/OneSignal/OneSignal-XCFramework",
      "state" : {
        "revision" : "37c0c6ebfe4aad85be13f6e6ba079282302533fc",
        "version" : "5.2.0"
      }
    },
    {
      "identity" : "rive-ios",
      "kind" : "remoteSourceControl",
      "location" : "https://github.com/rive-app/rive-ios",
      "state" : {
        "revision" : "800afbdfdbc1900ac8b0430eb48fa5eda0bedc58",
        "version" : "5.13.2"
      }
    },
    {
      "identity" : "sidemenu",
      "kind" : "remoteSourceControl",
      "location" : "https://github.com/jonkykong/SideMenu.git",
      "state" : {
        "revision" : "8bd4fd128923cf5494fa726839af8afe12908ad9",
        "version" : "6.5.0"
      }
    },
    {
      "identity" : "snapkit",
      "kind" : "remoteSourceControl",
      "location" : "https://github.com/SnapKit/SnapKit.git",
      "state" : {
        "revision" : "2842e6e84e82eb9a8dac0100ca90d9444b0307f4",
        "version" : "5.7.1"
      }
    },
    {
      "identity" : "supabase-swift",
      "kind" : "remoteSourceControl",
      "location" : "https://github.com/supabase/supabase-swift.git",
      "state" : {
        "revision" : "40112d26f2f1a58a989fee10dce85de49b0b8e7b",
        "version" : "2.13.2"
      }
    },
    {
      "identity" : "swift-concurrency-extras",
      "kind" : "remoteSourceControl",
      "location" : "https://github.com/pointfreeco/swift-concurrency-extras",
      "state" : {
        "revision" : "bb5059bde9022d69ac516803f4f227d8ac967f71",
        "version" : "1.1.0"
      }
    },
    {
      "identity" : "swift-crypto",
      "kind" : "remoteSourceControl",
      "location" : "https://github.com/apple/swift-crypto.git",
      "state" : {
        "revision" : "bc1c29221f6dfeb0ebbfbc98eb95cd3d4967868e",
        "version" : "3.4.0"
      }
    },
    {
      "identity" : "tocropviewcontroller",
      "kind" : "remoteSourceControl",
      "location" : "https://github.com/TimOliver/TOCropViewController.git",
      "state" : {
        "revision" : "a634cb7cdfd580006e79a6e74e64417fe9e9783b",
        "version" : "2.7.4"
      }
    },
    {
      "identity" : "zoomy",
      "kind" : "remoteSourceControl",
      "location" : "https://github.com/lvnkmn/Zoomy.git",
      "state" : {
        "revision" : "32734eb3680c6b666bdea5dfcf7fced156369101",
        "version" : "4.2.0"
      }
    }
  ],
  "version" : 3
}
